// !$*UTF8*$!
{
	archiveVersion = 1;
	classes = {
	};
	objectVersion = 46;
	objects = {

/* Begin PBXBuildFile section */
		3F8D01A11F84F6DB00D2F560 /* BookTableViewCell.swift in Sources */ = {isa = PBXBuildFile; fileRef = 3F8D01A01F84F6DB00D2F560 /* BookTableViewCell.swift */; };
		3F8D01A31F84F7BA00D2F560 /* Book.swift in Sources */ = {isa = PBXBuildFile; fileRef = 3F8D01A21F84F7BA00D2F560 /* Book.swift */; };
		3F8D01A51F84F8B700D2F560 /* BookTableViewController.swift in Sources */ = {isa = PBXBuildFile; fileRef = 3F8D01A41F84F8B700D2F560 /* BookTableViewController.swift */; };
		3F8D01A71F84FD4000D2F560 /* DetailViewController.swift in Sources */ = {isa = PBXBuildFile; fileRef = 3F8D01A61F84FD4000D2F560 /* DetailViewController.swift */; };
		3F8D01AB1F8511EC00D2F560 /* CollectionViewCell.swift in Sources */ = {isa = PBXBuildFile; fileRef = 3F8D01AA1F8511EC00D2F560 /* CollectionViewCell.swift */; };
		3F8D01AD1F85124D00D2F560 /* CollectionViewController.swift in Sources */ = {isa = PBXBuildFile; fileRef = 3F8D01AC1F85124D00D2F560 /* CollectionViewController.swift */; };
		3FCA8EB41F8E37A90092A5F0 /* AllBook.swift in Sources */ = {isa = PBXBuildFile; fileRef = 3FCA8EB31F8E37A90092A5F0 /* AllBook.swift */; };
		3FCA8ED91F8E413E0092A5F0 /* BookShop.xcdatamodeld in Sources */ = {isa = PBXBuildFile; fileRef = 3FCA8ED61F8E3F990092A5F0 /* BookShop.xcdatamodeld */; };
		3FF1CC7F1F694A1F0062E116 /* AppDelegate.swift in Sources */ = {isa = PBXBuildFile; fileRef = 3FF1CC7E1F694A1F0062E116 /* AppDelegate.swift */; };
		3FF1CC811F694A1F0062E116 /* ViewController.swift in Sources */ = {isa = PBXBuildFile; fileRef = 3FF1CC801F694A1F0062E116 /* ViewController.swift */; };
		3FF1CC841F694A1F0062E116 /* Main.storyboard in Resources */ = {isa = PBXBuildFile; fileRef = 3FF1CC821F694A1F0062E116 /* Main.storyboard */; };
		3FF1CC861F694A1F0062E116 /* Assets.xcassets in Resources */ = {isa = PBXBuildFile; fileRef = 3FF1CC851F694A1F0062E116 /* Assets.xcassets */; };
		3FF1CC891F694A1F0062E116 /* LaunchScreen.storyboard in Resources */ = {isa = PBXBuildFile; fileRef = 3FF1CC871F694A1F0062E116 /* LaunchScreen.storyboard */; };
/* End PBXBuildFile section */

/* Begin PBXFileReference section */
		3F8D01A01F84F6DB00D2F560 /* BookTableViewCell.swift */ = {isa = PBXFileReference; fileEncoding = 4; lastKnownFileType = sourcecode.swift; path = BookTableViewCell.swift; sourceTree = "<group>"; };
		3F8D01A21F84F7BA00D2F560 /* Book.swift */ = {isa = PBXFileReference; fileEncoding = 4; lastKnownFileType = sourcecode.swift; path = Book.swift; sourceTree = "<group>"; };
		3F8D01A41F84F8B700D2F560 /* BookTableViewController.swift */ = {isa = PBXFileReference; fileEncoding = 4; lastKnownFileType = sourcecode.swift; path = BookTableViewController.swift; sourceTree = "<group>"; };
		3F8D01A61F84FD4000D2F560 /* DetailViewController.swift */ = {isa = PBXFileReference; fileEncoding = 4; lastKnownFileType = sourcecode.swift; path = DetailViewController.swift; sourceTree = "<group>"; };
		3F8D01AA1F8511EC00D2F560 /* CollectionViewCell.swift */ = {isa = PBXFileReference; fileEncoding = 4; lastKnownFileType = sourcecode.swift; path = CollectionViewCell.swift; sourceTree = "<group>"; };
		3F8D01AC1F85124D00D2F560 /* CollectionViewController.swift */ = {isa = PBXFileReference; fileEncoding = 4; lastKnownFileType = sourcecode.swift; path = CollectionViewController.swift; sourceTree = "<group>"; };
		3FCA8EB31F8E37A90092A5F0 /* AllBook.swift */ = {isa = PBXFileReference; fileEncoding = 4; lastKnownFileType = sourcecode.swift; path = AllBook.swift; sourceTree = "<group>"; };
		3FCA8ED71F8E3F990092A5F0 /* BookShop.xcdatamodel */ = {isa = PBXFileReference; lastKnownFileType = wrapper.xcdatamodel; path = BookShop.xcdatamodel; sourceTree = "<group>"; };
		3FF1CC7B1F694A1F0062E116 /* Book Shop.app */ = {isa = PBXFileReference; explicitFileType = wrapper.application; includeInIndex = 0; path = "Book Shop.app"; sourceTree = BUILT_PRODUCTS_DIR; };
		3FF1CC7E1F694A1F0062E116 /* AppDelegate.swift */ = {isa = PBXFileReference; lastKnownFileType = sourcecode.swift; path = AppDelegate.swift; sourceTree = "<group>"; };
		3FF1CC801F694A1F0062E116 /* ViewController.swift */ = {isa = PBXFileReference; lastKnownFileType = sourcecode.swift; path = ViewController.swift; sourceTree = "<group>"; };
		3FF1CC831F694A1F0062E116 /* Base */ = {isa = PBXFileReference; lastKnownFileType = file.storyboard; name = Base; path = Base.lproj/Main.storyboard; sourceTree = "<group>"; };
		3FF1CC851F694A1F0062E116 /* Assets.xcassets */ = {isa = PBXFileReference; lastKnownFileType = folder.assetcatalog; path = Assets.xcassets; sourceTree = "<group>"; };
		3FF1CC881F694A1F0062E116 /* Base */ = {isa = PBXFileReference; lastKnownFileType = file.storyboard; name = Base; path = Base.lproj/LaunchScreen.storyboard; sourceTree = "<group>"; };
		3FF1CC8A1F694A1F0062E116 /* Info.plist */ = {isa = PBXFileReference; lastKnownFileType = text.plist.xml; path = Info.plist; sourceTree = "<group>"; };
/* End PBXFileReference section */

/* Begin PBXFrameworksBuildPhase section */
		3FF1CC781F694A1F0062E116 /* Frameworks */ = {
			isa = PBXFrameworksBuildPhase;
			buildActionMask = 2147483647;
			files = (
			);
			runOnlyForDeploymentPostprocessing = 0;
		};
/* End PBXFrameworksBuildPhase section */

/* Begin PBXGroup section */
		3FF1CC721F694A1F0062E116 = {
			isa = PBXGroup;
			children = (
				3FF1CC7D1F694A1F0062E116 /* Book Shop */,
				3FF1CC7C1F694A1F0062E116 /* Products */,
			);
			sourceTree = "<group>";
		};
		3FF1CC7C1F694A1F0062E116 /* Products */ = {
			isa = PBXGroup;
			children = (
				3FF1CC7B1F694A1F0062E116 /* Book Shop.app */,
			);
			name = Products;
			sourceTree = "<group>";
		};
		3FF1CC7D1F694A1F0062E116 /* Book Shop */ = {
			isa = PBXGroup;
			children = (
				3FF1CC7E1F694A1F0062E116 /* AppDelegate.swift */,
				3FF1CC801F694A1F0062E116 /* ViewController.swift */,
				3FF1CC821F694A1F0062E116 /* Main.storyboard */,
				3FF1CC851F694A1F0062E116 /* Assets.xcassets */,
				3FF1CC871F694A1F0062E116 /* LaunchScreen.storyboard */,
				3FF1CC8A1F694A1F0062E116 /* Info.plist */,
				3F8D01A01F84F6DB00D2F560 /* BookTableViewCell.swift */,
				3F8D01A21F84F7BA00D2F560 /* Book.swift */,
				3F8D01A41F84F8B700D2F560 /* BookTableViewController.swift */,
				3F8D01A61F84FD4000D2F560 /* DetailViewController.swift */,
				3F8D01AA1F8511EC00D2F560 /* CollectionViewCell.swift */,
				3F8D01AC1F85124D00D2F560 /* CollectionViewController.swift */,
				3FCA8EB31F8E37A90092A5F0 /* AllBook.swift */,
				3FCA8ED61F8E3F990092A5F0 /* BookShop.xcdatamodeld */,
			);
			path = "Book Shop";
			sourceTree = "<group>";
		};
/* End PBXGroup section */

/* Begin PBXNativeTarget section */
		3FF1CC7A1F694A1F0062E116 /* Book Shop */ = {
			isa = PBXNativeTarget;
			buildConfigurationList = 3FF1CC8D1F694A200062E116 /* Build configuration list for PBXNativeTarget "Book Shop" */;
			buildPhases = (
				3FF1CC771F694A1F0062E116 /* Sources */,
				3FF1CC781F694A1F0062E116 /* Frameworks */,
				3FF1CC791F694A1F0062E116 /* Resources */,
			);
			buildRules = (
			);
			dependencies = (
			);
			name = "Book Shop";
			productName = "Book Shop";
			productReference = 3FF1CC7B1F694A1F0062E116 /* Book Shop.app */;
			productType = "com.apple.product-type.application";
		};
/* End PBXNativeTarget section */

/* Begin PBXProject section */
		3FF1CC731F694A1F0062E116 /* Project object */ = {
			isa = PBXProject;
			attributes = {
				LastSwiftUpdateCheck = 0820;
				LastUpgradeCheck = 0820;
				ORGANIZATIONNAME = mybookshop;
				TargetAttributes = {
					3FF1CC7A1F694A1F0062E116 = {
						CreatedOnToolsVersion = 8.2;
						DevelopmentTeam = W5M9WV5TMA;
						ProvisioningStyle = Automatic;
					};
				};
			};
			buildConfigurationList = 3FF1CC761F694A1F0062E116 /* Build configuration list for PBXProject "Book Shop" */;
			compatibilityVersion = "Xcode 3.2";
			developmentRegion = English;
			hasScannedForEncodings = 0;
			knownRegions = (
				en,
				Base,
			);
			mainGroup = 3FF1CC721F694A1F0062E116;
			productRefGroup = 3FF1CC7C1F694A1F0062E116 /* Products */;
			projectDirPath = "";
			projectRoot = "";
			targets = (
				3FF1CC7A1F694A1F0062E116 /* Book Shop */,
			);
		};
/* End PBXProject section */

/* Begin PBXResourcesBuildPhase section */
		3FF1CC791F694A1F0062E116 /* Resources */ = {
			isa = PBXResourcesBuildPhase;
			buildActionMask = 2147483647;
			files = (
				3FF1CC891F694A1F0062E116 /* LaunchScreen.storyboard in Resources */,
				3FF1CC861F694A1F0062E116 /* Assets.xcassets in Resources */,
				3FF1CC841F694A1F0062E116 /* Main.storyboard in Resources */,
			);
			runOnlyForDeploymentPostprocessing = 0;
		};
/* End PBXResourcesBuildPhase section */

/* Begin PBXSourcesBuildPhase section */
		3FF1CC771F694A1F0062E116 /* Sources */ = {
			isa = PBXSourcesBuildPhase;
			buildActionMask = 2147483647;
			files = (
				3F8D01A51F84F8B700D2F560 /* BookTableViewController.swift in Sources */,
				3F8D01A31F84F7BA00D2F560 /* Book.swift in Sources */,
				3FF1CC811F694A1F0062E116 /* ViewController.swift in Sources */,
				3FCA8EB41F8E37A90092A5F0 /* AllBook.swift in Sources */,
				3F8D01AB1F8511EC00D2F560 /* CollectionViewCell.swift in Sources */,
				3F8D01AD1F85124D00D2F560 /* CollectionViewController.swift in Sources */,
				3F8D01A71F84FD4000D2F560 /* DetailViewController.swift in Sources */,
				3F8D01A11F84F6DB00D2F560 /* BookTableViewCell.swift in Sources */,
				3FCA8ED91F8E413E0092A5F0 /* BookShop.xcdatamodeld in Sources */,
				3FF1CC7F1F694A1F0062E116 /* AppDelegate.swift in Sources */,
			);
			runOnlyForDeploymentPostprocessing = 0;
		};
/* End PBXSourcesBuildPhase section */

/* Begin PBXVariantGroup section */
		3FF1CC821F694A1F0062E116 /* Main.storyboard */ = {
			isa = PBXVariantGroup;
			children = (
				3FF1CC831F694A1F0062E116 /* Base */,
			);
			name = Main.storyboard;
			sourceTree = "<group>";
		};
		3FF1CC871F694A1F0062E116 /* LaunchScreen.storyboard */ = {
			isa = PBXVariantGroup;
			children = (
				3FF1CC881F694A1F0062E116 /* Base */,
			);
			name = LaunchScreen.storyboard;
			sourceTree = "<group>";
		};
/* End PBXVariantGroup section */

/* Begin XCBuildConfiguration section */
		3FF1CC8B1F694A1F0062E116 /* Debug */ = {
			isa = XCBuildConfiguration;
			buildSettings = {
				ALWAYS_SEARCH_USER_PATHS = NO;
				CLANG_ANALYZER_NONNULL = YES;
				CLANG_CXX_LANGUAGE_STANDARD = "gnu++0x";
				CLANG_CXX_LIBRARY = "libc++";
				CLANG_ENABLE_MODULES = YES;
				CLANG_ENABLE_OBJC_ARC = YES;
				CLANG_WARN_BOOL_CONVERSION = YES;
				CLANG_WARN_CONSTANT_CONVERSION = YES;
				CLANG_WARN_DIRECT_OBJC_ISA_USAGE = YES_ERROR;
				CLANG_WARN_DOCUMENTATION_COMMENTS = YES;
				CLANG_WARN_EMPTY_BODY = YES;
				CLANG_WARN_ENUM_CONVERSION = YES;
				CLANG_WARN_INFINITE_RECURSION = YES;
				CLANG_WARN_INT_CONVERSION = YES;
				CLANG_WARN_OBJC_ROOT_CLASS = YES_ERROR;
				CLANG_WARN_SUSPICIOUS_MOVE = YES;
				CLANG_WARN_UNREACHABLE_CODE = YES;
				CLANG_WARN__DUPLICATE_METHOD_MATCH = YES;
				"CODE_SIGN_IDENTITY[sdk=iphoneos*]" = "iPhone Developer";
				COPY_PHASE_STRIP = NO;
				DEBUG_INFORMATION_FORMAT = dwarf;
				ENABLE_STRICT_OBJC_MSGSEND = YES;
				ENABLE_TESTABILITY = YES;
				GCC_C_LANGUAGE_STANDARD = gnu99;
				GCC_DYNAMIC_NO_PIC = NO;
				GCC_NO_COMMON_BLOCKS = YES;
				GCC_OPTIMIZATION_LEVEL = 0;
				GCC_PREPROCESSOR_DEFINITIONS = (
					"DEBUG=1",
					"$(inherited)",
				);
				GCC_WARN_64_TO_32_BIT_CONVERSION = YES;
				GCC_WARN_ABOUT_RETURN_TYPE = YES_ERROR;
				GCC_WARN_UNDECLARED_SELECTOR = YES;
				GCC_WARN_UNINITIALIZED_AUTOS = YES_AGGRESSIVE;
				GCC_WARN_UNUSED_FUNCTION = YES;
				GCC_WARN_UNUSED_VARIABLE = YES;
				IPHONEOS_DEPLOYMENT_TARGET = 10.2;
				MTL_ENABLE_DEBUG_INFO = YES;
				ONLY_ACTIVE_ARCH = YES;
				SDKROOT = iphoneos;
				SWIFT_ACTIVE_COMPILATION_CONDITIONS = DEBUG;
				SWIFT_OPTIMIZATION_LEVEL = "-Onone";
				TARGETED_DEVICE_FAMILY = "1,2";
			};
			name = Debug;
		};
		3FF1CC8C1F694A1F0062E116 /* Release */ = {
			isa = XCBuildConfiguration;
			buildSettings = {
				ALWAYS_SEARCH_USER_PATHS = NO;
				CLANG_ANALYZER_NONNULL = YES;
				CLANG_CXX_LANGUAGE_STANDARD = "gnu++0x";
				CLANG_CXX_LIBRARY = "libc++";
				CLANG_ENABLE_MODULES = YES;
				CLANG_ENABLE_OBJC_ARC = YES;
				CLANG_WARN_BOOL_CONVERSION = YES;
				CLANG_WARN_CONSTANT_CONVERSION = YES;
				CLANG_WARN_DIRECT_OBJC_ISA_USAGE = YES_ERROR;
				CLANG_WARN_DOCUMENTATION_COMMENTS = YES;
				CLANG_WARN_EMPTY_BODY = YES;
				CLANG_WARN_ENUM_CONVERSION = YES;
				CLANG_WARN_INFINITE_RECURSION = YES;
				CLANG_WARN_INT_CONVERSION = YES;
				CLANG_WARN_OBJC_ROOT_CLASS = YES_ERROR;
				CLANG_WARN_SUSPICIOUS_MOVE = YES;
				CLANG_WARN_UNREACHABLE_CODE = YES;
				CLANG_WARN__DUPLICATE_METHOD_MATCH = YES;
				"CODE_SIGN_IDENTITY[sdk=iphoneos*]" = "iPhone Developer";
				COPY_PHASE_STRIP = NO;
				DEBUG_INFORMATION_FORMAT = "dwarf-with-dsym";
				ENABLE_NS_ASSERTIONS = NO;
				ENABLE_STRICT_OBJC_MSGSEND = YES;
				GCC_C_LANGUAGE_STANDARD = gnu99;
				GCC_NO_COMMON_BLOCKS = YES;
				GCC_WARN_64_TO_32_BIT_CONVERSION = YES;
				GCC_WARN_ABOUT_RETURN_TYPE = YES_ERROR;
				GCC_WARN_UNDECLARED_SELECTOR = YES;
				GCC_WARN_UNINITIALIZED_AUTOS = YES_AGGRESSIVE;
				GCC_WARN_UNUSED_FUNCTION = YES;
				GCC_WARN_UNUSED_VARIABLE = YES;
				IPHONEOS_DEPLOYMENT_TARGET = 10.2;
				MTL_ENABLE_DEBUG_INFO = NO;
				SDKROOT = iphoneos;
				SWIFT_OPTIMIZATION_LEVEL = "-Owholemodule";
				TARGETED_DEVICE_FAMILY = "1,2";
				VALIDATE_PRODUCT = YES;
			};
			name = Release;
		};
		3FF1CC8E1F694A200062E116 /* Debug */ = {
			isa = XCBuildConfiguration;
			buildSettings = {
				ASSETCATALOG_COMPILER_APPICON_NAME = AppIcon;
				DEVELOPMENT_TEAM = W5M9WV5TMA;
				INFOPLIST_FILE = "Book Shop/Info.plist";
				LD_RUNPATH_SEARCH_PATHS = "$(inherited) @executable_path/Frameworks";
				PRODUCT_BUNDLE_IDENTIFIER = "mybookshop.com.Book-Shop";
				PRODUCT_NAME = "$(TARGET_NAME)";
				SWIFT_VERSION = 3.0;
			};
			name = Debug;
		};
		3FF1CC8F1F694A200062E116 /* Release */ = {
			isa = XCBuildConfiguration;
			buildSettings = {
				ASSETCATALOG_COMPILER_APPICON_NAME = AppIcon;
				DEVELOPMENT_TEAM = W5M9WV5TMA;
				INFOPLIST_FILE = "Book Shop/Info.plist";
				LD_RUNPATH_SEARCH_PATHS = "$(inherited) @executable_path/Frameworks";
				PRODUCT_BUNDLE_IDENTIFIER = "mybookshop.com.Book-Shop";
				PRODUCT_NAME = "$(TARGET_NAME)";
				SWIFT_VERSION = 3.0;
			};
			name = Release;
		};
/* End XCBuildConfiguration section */

/* Begin XCConfigurationList section */
		3FF1CC761F694A1F0062E116 /* Build configuration list for PBXProject "Book Shop" */ = {
			isa = XCConfigurationList;
			buildConfigurations = (
				3FF1CC8B1F694A1F0062E116 /* Debug */,
				3FF1CC8C1F694A1F0062E116 /* Release */,
			);
			defaultConfigurationIsVisible = 0;
			defaultConfigurationName = Release;
		};
		3FF1CC8D1F694A200062E116 /* Build configuration list for PBXNativeTarget "Book Shop" */ = {
			isa = XCConfigurationList;
			buildConfigurations = (
				3FF1CC8E1F694A200062E116 /* Debug */,
				3FF1CC8F1F694A200062E116 /* Release */,
			);
			defaultConfigurationIsVisible = 0;
			defaultConfigurationName = Release;
		};
/* End XCConfigurationList section */

/* Begin XCVersionGroup section */
		3FCA8ED61F8E3F990092A5F0 /* BookShop.xcdatamodeld */ = {
			isa = XCVersionGroup;
			children = (
				3FCA8ED71F8E3F990092A5F0 /* BookShop.xcdatamodel */,
			);
			currentVersion = 3FCA8ED71F8E3F990092A5F0 /* BookShop.xcdatamodel */;
			path = BookShop.xcdatamodeld;
			sourceTree = "<group>";
			versionGroupType = wrapper.xcdatamodel;
		};
/* End XCVersionGroup section */
	};
	rootObject = 3FF1CC731F694A1F0062E116 /* Project object */;
}
